
Microsoft Visual Studio Solution File, Format Version 12.00
# Visual Studio Version 17
VisualStudioVersion = 17.5.33516.290
MinimumVisualStudioVersion = 10.0.40219.1
Project("{9A19103F-16F7-4668-BE54-9A1E7A4F7556}") = "FluentRequests.Lib", "FluentRequests\FluentRequests.Lib.csproj", "{B302336C-A79B-40F2-9B86-DB2A182ABDBD}"
EndProject
Project("{9A19103F-16F7-4668-BE54-9A1E7A4F7556}") = "FluentRequest.Console", "FluentRequest.Console\FluentRequest.Console.csproj", "{5D7B030B-71A4-4E89-B1DF-8107C2719200}"
EndProject
Project("{9A19103F-16F7-4668-BE54-9A1E7A4F7556}") = "FluentRequests.Tests", "FluentRequests.Tests\FluentRequests.Tests.csproj", "{9F7A5812-9BF9-4DFF-BEB6-8744181A800E}"
EndProject
Project("{FAE04EC0-301F-11D3-BF4B-00C04F79EFBC}") = "FluentRequests.NugetUsage", "FluentRequests.NugetUsage\FluentRequests.NugetUsage.csproj", "{1937C5AB-E2D8-4FCA-9F59-077B424DFCC4}"
EndProject
Global
	GlobalSection(SolutionConfigurationPlatforms) = preSolution
		Debug|Any CPU = Debug|Any CPU
		Release|Any CPU = Release|Any CPU
	EndGlobalSection
	GlobalSection(ProjectConfigurationPlatforms) = postSolution
		{B302336C-A79B-40F2-9B86-DB2A182ABDBD}.Debug|Any CPU.ActiveCfg = Debug|Any CPU
		{B302336C-A79B-40F2-9B86-DB2A182ABDBD}.Debug|Any CPU.Build.0 = Debug|Any CPU
		{B302336C-A79B-40F2-9B86-DB2A182ABDBD}.Release|Any CPU.ActiveCfg = Release|Any CPU
		{B302336C-A79B-40F2-9B86-DB2A182ABDBD}.Release|Any CPU.Build.0 = Release|Any CPU
		{5D7B030B-71A4-4E89-B1DF-8107C2719200}.Debug|Any CPU.ActiveCfg = Debug|Any CPU
		{5D7B030B-71A4-4E89-B1DF-8107C2719200}.Debug|Any CPU.Build.0 = Debug|Any CPU
		{5D7B030B-71A4-4E89-B1DF-8107C2719200}.Release|Any CPU.ActiveCfg = Release|Any CPU
		{5D7B030B-71A4-4E89-B1DF-8107C2719200}.Release|Any CPU.Build.0 = Release|Any CPU
		{9F7A5812-9BF9-4DFF-BEB6-8744181A800E}.Debug|Any CPU.ActiveCfg = Debug|Any CPU
		{9F7A5812-9BF9-4DFF-BEB6-8744181A800E}.Debug|Any CPU.Build.0 = Debug|Any CPU
		{9F7A5812-9BF9-4DFF-BEB6-8744181A800E}.Release|Any CPU.ActiveCfg = Release|Any CPU
		{9F7A5812-9BF9-4DFF-BEB6-8744181A800E}.Release|Any CPU.Build.0 = Release|Any CPU
		{1937C5AB-E2D8-4FCA-9F59-077B424DFCC4}.Debug|Any CPU.ActiveCfg = Debug|Any CPU
		{1937C5AB-E2D8-4FCA-9F59-077B424DFCC4}.Debug|Any CPU.Build.0 = Debug|Any CPU
		{1937C5AB-E2D8-4FCA-9F59-077B424DFCC4}.Release|Any CPU.ActiveCfg = Release|Any CPU
		{1937C5AB-E2D8-4FCA-9F59-077B424DFCC4}.Release|Any CPU.Build.0 = Release|Any CPU
	EndGlobalSection
	GlobalSection(SolutionProperties) = preSolution
		HideSolutionNode = FALSE
	EndGlobalSection
	GlobalSection(ExtensibilityGlobals) = postSolution
		SolutionGuid = {BFF22FB7-6A8E-4D08-812F-E3D081CE2DB4}
	EndGlobalSection
EndGlobal
